# This file is automatically @generated by Cargo.
# It is not intended for manual editing.
version = 4

[[package]]
name = "kbd"
version = "0.1.0"
dependencies = [
 "zc-abi",
 "zc-kernel",
 "zc-user",
]

[[package]]
name = "zc-abi"
version = "0.1.0"

[[package]]
name = "zc-kernel"
version = "0.1.0"
dependencies = [
 "zc-abi",
]

[[package]]
name = "zc-user"
version = "0.1.0"
dependencies = [
 "zc-abi",
]
